// !$*UTF8*$!
{
	archiveVersion = 1;
	classes = {
	};
	objectVersion = 50;
	objects = {

/* Begin PBXBuildFile section */
		25B86835218DF8BE00549ADA /* AppDelegate.swift in Sources */ = {isa = PBXBuildFile; fileRef = 25B86834218DF8BE00549ADA /* AppDelegate.swift */; };
		25B86837218DF8BE00549ADA /* ViewController.swift in Sources */ = {isa = PBXBuildFile; fileRef = 25B86836218DF8BE00549ADA /* ViewController.swift */; };
		25B8683A218DF8BE00549ADA /* Main.storyboard in Resources */ = {isa = PBXBuildFile; fileRef = 25B86838218DF8BE00549ADA /* Main.storyboard */; };
		25B8683D218DF8BE00549ADA /* PitchPerfect.xcdatamodeld in Sources */ = {isa = PBXBuildFile; fileRef = 25B8683B218DF8BE00549ADA /* PitchPerfect.xcdatamodeld */; };
		25B8683F218DF8BF00549ADA /* Assets.xcassets in Resources */ = {isa = PBXBuildFile; fileRef = 25B8683E218DF8BF00549ADA /* Assets.xcassets */; };
		25B86842218DF8BF00549ADA /* LaunchScreen.storyboard in Resources */ = {isa = PBXBuildFile; fileRef = 25B86840218DF8BF00549ADA /* LaunchScreen.storyboard */; };
		25B8684D218DF8C000549ADA /* PitchPerfectTests.swift in Sources */ = {isa = PBXBuildFile; fileRef = 25B8684C218DF8C000549ADA /* PitchPerfectTests.swift */; };
		25B86858218DF8C000549ADA /* PitchPerfectUITests.swift in Sources */ = {isa = PBXBuildFile; fileRef = 25B86857218DF8C000549ADA /* PitchPerfectUITests.swift */; };
/* End PBXBuildFile section */

/* Begin PBXContainerItemProxy section */
		25B86849218DF8C000549ADA /* PBXContainerItemProxy */ = {
			isa = PBXContainerItemProxy;
			containerPortal = 25B86829218DF8BD00549ADA /* Project object */;
			proxyType = 1;
			remoteGlobalIDString = 25B86830218DF8BE00549ADA;
			remoteInfo = PitchPerfect;
		};
		25B86854218DF8C000549ADA /* PBXContainerItemProxy */ = {
			isa = PBXContainerItemProxy;
			containerPortal = 25B86829218DF8BD00549ADA /* Project object */;
			proxyType = 1;
			remoteGlobalIDString = 25B86830218DF8BE00549ADA;
			remoteInfo = PitchPerfect;
		};
/* End PBXContainerItemProxy section */

/* Begin PBXFileReference section */
		25B86831218DF8BE00549ADA /* PitchPerfect.app */ = {isa = PBXFileReference; explicitFileType = wrapper.application; includeInIndex = 0; path = PitchPerfect.app; sourceTree = BUILT_PRODUCTS_DIR; };
		25B86834218DF8BE00549ADA /* AppDelegate.swift */ = {isa = PBXFileReference; lastKnownFileType = sourcecode.swift; path = AppDelegate.swift; sourceTree = "<group>"; };
		25B86836218DF8BE00549ADA /* ViewController.swift */ = {isa = PBXFileReference; lastKnownFileType = sourcecode.swift; path = ViewController.swift; sourceTree = "<group>"; };
		25B86839218DF8BE00549ADA /* Base */ = {isa = PBXFileReference; lastKnownFileType = file.storyboard; name = Base; path = Base.lproj/Main.storyboard; sourceTree = "<group>"; };
		25B8683C218DF8BE00549ADA /* PitchPerfect.xcdatamodel */ = {isa = PBXFileReference; lastKnownFileType = wrapper.xcdatamodel; path = PitchPerfect.xcdatamodel; sourceTree = "<group>"; };
		25B8683E218DF8BF00549ADA /* Assets.xcassets */ = {isa = PBXFileReference; lastKnownFileType = folder.assetcatalog; path = Assets.xcassets; sourceTree = "<group>"; };
		25B86841218DF8BF00549ADA /* Base */ = {isa = PBXFileReference; lastKnownFileType = file.storyboard; name = Base; path = Base.lproj/LaunchScreen.storyboard; sourceTree = "<group>"; };
		25B86843218DF8BF00549ADA /* Info.plist */ = {isa = PBXFileReference; lastKnownFileType = text.plist.xml; path = Info.plist; sourceTree = "<group>"; };
		25B86848218DF8C000549ADA /* PitchPerfectTests.xctest */ = {isa = PBXFileReference; explicitFileType = wrapper.cfbundle; includeInIndex = 0; path = PitchPerfectTests.xctest; sourceTree = BUILT_PRODUCTS_DIR; };
		25B8684C218DF8C000549ADA /* PitchPerfectTests.swift */ = {isa = PBXFileReference; lastKnownFileType = sourcecode.swift; path = PitchPerfectTests.swift; sourceTree = "<group>"; };
		25B8684E218DF8C000549ADA /* Info.plist */ = {isa = PBXFileReference; lastKnownFileType = text.plist.xml; path = Info.plist; sourceTree = "<group>"; };
		25B86853218DF8C000549ADA /* PitchPerfectUITests.xctest */ = {isa = PBXFileReference; explicitFileType = wrapper.cfbundle; includeInIndex = 0; path = PitchPerfectUITests.xctest; sourceTree = BUILT_PRODUCTS_DIR; };
		25B86857218DF8C000549ADA /* PitchPerfectUITests.swift */ = {isa = PBXFileReference; lastKnownFileType = sourcecode.swift; path = PitchPerfectUITests.swift; sourceTree = "<group>"; };
		25B86859218DF8C000549ADA /* Info.plist */ = {isa = PBXFileReference; lastKnownFileType = text.plist.xml; path = Info.plist; sourceTree = "<group>"; };
/* End PBXFileReference section */

/* Begin PBXFrameworksBuildPhase section */
		25B8682E218DF8BE00549ADA /* Frameworks */ = {
			isa = PBXFrameworksBuildPhase;
			buildActionMask = 2147483647;
			files = (
			);
			runOnlyForDeploymentPostprocessing = 0;
		};
		25B86845218DF8C000549ADA /* Frameworks */ = {
			isa = PBXFrameworksBuildPhase;
			buildActionMask = 2147483647;
			files = (
			);
			runOnlyForDeploymentPostprocessing = 0;
		};
		25B86850218DF8C000549ADA /* Frameworks */ = {
			isa = PBXFrameworksBuildPhase;
			buildActionMask = 2147483647;
			files = (
			);
			runOnlyForDeploymentPostprocessing = 0;
		};
/* End PBXFrameworksBuildPhase section */

/* Begin PBXGroup section */
		25B86828218DF8BD00549ADA = {
			isa = PBXGroup;
			children = (
				25B86833218DF8BE00549ADA /* PitchPerfect */,
				25B8684B218DF8C000549ADA /* PitchPerfectTests */,
				25B86856218DF8C000549ADA /* PitchPerfectUITests */,
				25B86832218DF8BE00549ADA /* Products */,
			);
			sourceTree = "<group>";
		};
		25B86832218DF8BE00549ADA /* Products */ = {
			isa = PBXGroup;
			children = (
				25B86831218DF8BE00549ADA /* PitchPerfect.app */,
				25B86848218DF8C000549ADA /* PitchPerfectTests.xctest */,
				25B86853218DF8C000549ADA /* PitchPerfectUITests.xctest */,
			);
			name = Products;
			sourceTree = "<group>";
		};
		25B86833218DF8BE00549ADA /* PitchPerfect */ = {
			isa = PBXGroup;
			children = (
				25B86834218DF8BE00549ADA /* AppDelegate.swift */,
				25B86836218DF8BE00549ADA /* ViewController.swift */,
				25B86838218DF8BE00549ADA /* Main.storyboard */,
				25B8683E218DF8BF00549ADA /* Assets.xcassets */,
				25B86840218DF8BF00549ADA /* LaunchScreen.storyboard */,
				25B86843218DF8BF00549ADA /* Info.plist */,
				25B8683B218DF8BE00549ADA /* PitchPerfect.xcdatamodeld */,
			);
			path = PitchPerfect;
			sourceTree = "<group>";
		};
		25B8684B218DF8C000549ADA /* PitchPerfectTests */ = {
			isa = PBXGroup;
			children = (
				25B8684C218DF8C000549ADA /* PitchPerfectTests.swift */,
				25B8684E218DF8C000549ADA /* Info.plist */,
			);
			path = PitchPerfectTests;
			sourceTree = "<group>";
		};
		25B86856218DF8C000549ADA /* PitchPerfectUITests */ = {
			isa = PBXGroup;
			children = (
				25B86857218DF8C000549ADA /* PitchPerfectUITests.swift */,
				25B86859218DF8C000549ADA /* Info.plist */,
			);
			path = PitchPerfectUITests;
			sourceTree = "<group>";
		};
/* End PBXGroup section */

/* Begin PBXNativeTarget section */
		25B86830218DF8BE00549ADA /* PitchPerfect */ = {
			isa = PBXNativeTarget;
			buildConfigurationList = 25B8685C218DF8C000549ADA /* Build configuration list for PBXNativeTarget "PitchPerfect" */;
			buildPhases = (
				25B8682D218DF8BE00549ADA /* Sources */,
				25B8682E218DF8BE00549ADA /* Frameworks */,
				25B8682F218DF8BE00549ADA /* Resources */,
			);
			buildRules = (
			);
			dependencies = (
			);
			name = PitchPerfect;
			productName = PitchPerfect;
			productReference = 25B86831218DF8BE00549ADA /* PitchPerfect.app */;
			productType = "com.apple.product-type.application";
		};
		25B86847218DF8C000549ADA /* PitchPerfectTests */ = {
			isa = PBXNativeTarget;
			buildConfigurationList = 25B8685F218DF8C000549ADA /* Build configuration list for PBXNativeTarget "PitchPerfectTests" */;
			buildPhases = (
				25B86844218DF8C000549ADA /* Sources */,
				25B86845218DF8C000549ADA /* Frameworks */,
				25B86846218DF8C000549ADA /* Resources */,
			);
			buildRules = (
			);
			dependencies = (
				25B8684A218DF8C000549ADA /* PBXTargetDependency */,
			);
			name = PitchPerfectTests;
			productName = PitchPerfectTests;
			productReference = 25B86848218DF8C000549ADA /* PitchPerfectTests.xctest */;
			productType = "com.apple.product-type.bundle.unit-test";
		};
		25B86852218DF8C000549ADA /* PitchPerfectUITests */ = {
			isa = PBXNativeTarget;
			buildConfigurationList = 25B86862218DF8C000549ADA /* Build configuration list for PBXNativeTarget "PitchPerfectUITests" */;
			buildPhases = (
				25B8684F218DF8C000549ADA /* Sources */,
				25B86850218DF8C000549ADA /* Frameworks */,
				25B86851218DF8C000549ADA /* Resources */,
			);
			buildRules = (
			);
			dependencies = (
				25B86855218DF8C000549ADA /* PBXTargetDependency */,
			);
			name = PitchPerfectUITests;
			productName = PitchPerfectUITests;
			productReference = 25B86853218DF8C000549ADA /* PitchPerfectUITests.xctest */;
			productType = "com.apple.product-type.bundle.ui-testing";
		};
/* End PBXNativeTarget section */

/* Begin PBXProject section */
		25B86829218DF8BD00549ADA /* Project object */ = {
			isa = PBXProject;
			attributes = {
				LastSwiftUpdateCheck = 1010;
				LastUpgradeCheck = 1010;
				ORGANIZATIONNAME = "Rana Omar";
				TargetAttributes = {
					25B86830218DF8BE00549ADA = {
						CreatedOnToolsVersion = 10.1;
					};
					25B86847218DF8C000549ADA = {
						CreatedOnToolsVersion = 10.1;
						TestTargetID = 25B86830218DF8BE00549ADA;
					};
					25B86852218DF8C000549ADA = {
						CreatedOnToolsVersion = 10.1;
						TestTargetID = 25B86830218DF8BE00549ADA;
					};
				};
			};
			buildConfigurationList = 25B8682C218DF8BD00549ADA /* Build configuration list for PBXProject "PitchPerfect" */;
			compatibilityVersion = "Xcode 9.3";
			developmentRegion = en;
			hasScannedForEncodings = 0;
			knownRegions = (
				en,
				Base,
			);
			mainGroup = 25B86828218DF8BD00549ADA;
			productRefGroup = 25B86832218DF8BE00549ADA /* Products */;
			projectDirPath = "";
			projectRoot = "";
			targets = (
				25B86830218DF8BE00549ADA /* PitchPerfect */,
				25B86847218DF8C000549ADA /* PitchPerfectTests */,
				25B86852218DF8C000549ADA /* PitchPerfectUITests */,
			);
		};
/* End PBXProject section */

/* Begin PBXResourcesBuildPhase section */
		25B8682F218DF8BE00549ADA /* Resources */ = {
			isa = PBXResourcesBuildPhase;
			buildActionMask = 2147483647;
			files = (
				25B86842218DF8BF00549ADA /* LaunchScreen.storyboard in Resources */,
				25B8683F218DF8BF00549ADA /* Assets.xcassets in Resources */,
				25B8683A218DF8BE00549ADA /* Main.storyboard in Resources */,
			);
			runOnlyForDeploymentPostprocessing = 0;
		};
		25B86846218DF8C000549ADA /* Resources */ = {
			isa = PBXResourcesBuildPhase;
			buildActionMask = 2147483647;
			files = (
			);
			runOnlyForDeploymentPostprocessing = 0;
		};
		25B86851218DF8C000549ADA /* Resources */ = {
			isa = PBXResourcesBuildPhase;
			buildActionMask = 2147483647;
			files = (
			);
			runOnlyForDeploymentPostprocessing = 0;
		};
/* End PBXResourcesBuildPhase section */

/* Begin PBXSourcesBuildPhase section */
		25B8682D218DF8BE00549ADA /* Sources */ = {
			isa = PBXSourcesBuildPhase;
			buildActionMask = 2147483647;
			files = (
				25B86837218DF8BE00549ADA /* ViewController.swift in Sources */,
				25B8683D218DF8BE00549ADA /* PitchPerfect.xcdatamodeld in Sources */,
				25B86835218DF8BE00549ADA /* AppDelegate.swift in Sources */,
			);
			runOnlyForDeploymentPostprocessing = 0;
		};
		25B86844218DF8C000549ADA /* Sources */ = {
			isa = PBXSourcesBuildPhase;
			buildActionMask = 2147483647;
			files = (
				25B8684D218DF8C000549ADA /* PitchPerfectTests.swift in Sources */,
			);
			runOnlyForDeploymentPostprocessing = 0;
		};
		25B8684F218DF8C000549ADA /* Sources */ = {
			isa = PBXSourcesBuildPhase;
			buildActionMask = 2147483647;
			files = (
				25B86858218DF8C000549ADA /* PitchPerfectUITests.swift in Sources */,
			);
			runOnlyForDeploymentPostprocessing = 0;
		};
/* End PBXSourcesBuildPhase section */

/* Begin PBXTargetDependency section */
		25B8684A218DF8C000549ADA /* PBXTargetDependency */ = {
			isa = PBXTargetDependency;
			target = 25B86830218DF8BE00549ADA /* PitchPerfect */;
			targetProxy = 25B86849218DF8C000549ADA /* PBXContainerItemProxy */;
		};
		25B86855218DF8C000549ADA /* PBXTargetDependency */ = {
			isa = PBXTargetDependency;
			target = 25B86830218DF8BE00549ADA /* PitchPerfect */;
			targetProxy = 25B86854218DF8C000549ADA /* PBXContainerItemProxy */;
		};
/* End PBXTargetDependency section */

/* Begin PBXVariantGroup section */
		25B86838218DF8BE00549ADA /* Main.storyboard */ = {
			isa = PBXVariantGroup;
			children = (
				25B86839218DF8BE00549ADA /* Base */,
			);
			name = Main.storyboard;
			sourceTree = "<group>";
		};
		25B86840218DF8BF00549ADA /* LaunchScreen.storyboard */ = {
			isa = PBXVariantGroup;
			children = (
				25B86841218DF8BF00549ADA /* Base */,
			);
			name = LaunchScreen.storyboard;
			sourceTree = "<group>";
		};
/* End PBXVariantGroup section */

/* Begin XCBuildConfiguration section */
		25B8685A218DF8C000549ADA /* Debug */ = {
			isa = XCBuildConfiguration;
			buildSettings = {
				ALWAYS_SEARCH_USER_PATHS = NO;
				CLANG_ANALYZER_NONNULL = YES;
				CLANG_ANALYZER_NUMBER_OBJECT_CONVERSION = YES_AGGRESSIVE;
				CLANG_CXX_LANGUAGE_STANDARD = "gnu++14";
				CLANG_CXX_LIBRARY = "libc++";
				CLANG_ENABLE_MODULES = YES;
				CLANG_ENABLE_OBJC_ARC = YES;
				CLANG_ENABLE_OBJC_WEAK = YES;
				CLANG_WARN_BLOCK_CAPTURE_AUTORELEASING = YES;
				CLANG_WARN_BOOL_CONVERSION = YES;
				CLANG_WARN_COMMA = YES;
				CLANG_WARN_CONSTANT_CONVERSION = YES;
				CLANG_WARN_DEPRECATED_OBJC_IMPLEMENTATIONS = YES;
				CLANG_WARN_DIRECT_OBJC_ISA_USAGE = YES_ERROR;
				CLANG_WARN_DOCUMENTATION_COMMENTS = YES;
				CLANG_WARN_EMPTY_BODY = YES;
				CLANG_WARN_ENUM_CONVERSION = YES;
				CLANG_WARN_INFINITE_RECURSION = YES;
				CLANG_WARN_INT_CONVERSION = YES;
				CLANG_WARN_NON_LITERAL_NULL_CONVERSION = YES;
				CLANG_WARN_OBJC_IMPLICIT_RETAIN_SELF = YES;
				CLANG_WARN_OBJC_LITERAL_CONVERSION = YES;
				CLANG_WARN_OBJC_ROOT_CLASS = YES_ERROR;
				CLANG_WARN_RANGE_LOOP_ANALYSIS = YES;
				CLANG_WARN_STRICT_PROTOTYPES = YES;
				CLANG_WARN_SUSPICIOUS_MOVE = YES;
				CLANG_WARN_UNGUARDED_AVAILABILITY = YES_AGGRESSIVE;
				CLANG_WARN_UNREACHABLE_CODE = YES;
				CLANG_WARN__DUPLICATE_METHOD_MATCH = YES;
				CODE_SIGN_IDENTITY = "iPhone Developer";
				COPY_PHASE_STRIP = NO;
				DEBUG_INFORMATION_FORMAT = dwarf;
				ENABLE_STRICT_OBJC_MSGSEND = YES;
				ENABLE_TESTABILITY = YES;
				GCC_C_LANGUAGE_STANDARD = gnu11;
				GCC_DYNAMIC_NO_PIC = NO;
				GCC_NO_COMMON_BLOCKS = YES;
				GCC_OPTIMIZATION_LEVEL = 0;
				GCC_PREPROCESSOR_DEFINITIONS = (
					"DEBUG=1",
					"$(inherited)",
				);
				GCC_WARN_64_TO_32_BIT_CONVERSION = YES;
				GCC_WARN_ABOUT_RETURN_TYPE = YES_ERROR;
				GCC_WARN_UNDECLARED_SELECTOR = YES;
				GCC_WARN_UNINITIALIZED_AUTOS = YES_AGGRESSIVE;
				GCC_WARN_UNUSED_FUNCTION = YES;
				GCC_WARN_UNUSED_VARIABLE = YES;
				IPHONEOS_DEPLOYMENT_TARGET = 12.1;
				MTL_ENABLE_DEBUG_INFO = INCLUDE_SOURCE;
				MTL_FAST_MATH = YES;
				ONLY_ACTIVE_ARCH = YES;
				SDKROOT = iphoneos;
				SWIFT_ACTIVE_COMPILATION_CONDITIONS = DEBUG;
				SWIFT_OPTIMIZATION_LEVEL = "-Onone";
			};
			name = Debug;
		};
		25B8685B218DF8C000549ADA /* Release */ = {
			isa = XCBuildConfiguration;
			buildSettings = {
				ALWAYS_SEARCH_USER_PATHS = NO;
				CLANG_ANALYZER_NONNULL = YES;
				CLANG_ANALYZER_NUMBER_OBJECT_CONVERSION = YES_AGGRESSIVE;
				CLANG_CXX_LANGUAGE_STANDARD = "gnu++14";
				CLANG_CXX_LIBRARY = "libc++";
				CLANG_ENABLE_MODULES = YES;
				CLANG_ENABLE_OBJC_ARC = YES;
				CLANG_ENABLE_OBJC_WEAK = YES;
				CLANG_WARN_BLOCK_CAPTURE_AUTORELEASING = YES;
				CLANG_WARN_BOOL_CONVERSION = YES;
				CLANG_WARN_COMMA = YES;
				CLANG_WARN_CONSTANT_CONVERSION = YES;
				CLANG_WARN_DEPRECATED_OBJC_IMPLEMENTATIONS = YES;
				CLANG_WARN_DIRECT_OBJC_ISA_USAGE = YES_ERROR;
				CLANG_WARN_DOCUMENTATION_COMMENTS = YES;
				CLANG_WARN_EMPTY_BODY = YES;
				CLANG_WARN_ENUM_CONVERSION = YES;
				CLANG_WARN_INFINITE_RECURSION = YES;
				CLANG_WARN_INT_CONVERSION = YES;
				CLANG_WARN_NON_LITERAL_NULL_CONVERSION = YES;
				CLANG_WARN_OBJC_IMPLICIT_RETAIN_SELF = YES;
				CLANG_WARN_OBJC_LITERAL_CONVERSION = YES;
				CLANG_WARN_OBJC_ROOT_CLASS = YES_ERROR;
				CLANG_WARN_RANGE_LOOP_ANALYSIS = YES;
				CLANG_WARN_STRICT_PROTOTYPES = YES;
				CLANG_WARN_SUSPICIOUS_MOVE = YES;
				CLANG_WARN_UNGUARDED_AVAILABILITY = YES_AGGRESSIVE;
				CLANG_WARN_UNREACHABLE_CODE = YES;
				CLANG_WARN__DUPLICATE_METHOD_MATCH = YES;
				CODE_SIGN_IDENTITY = "iPhone Developer";
				COPY_PHASE_STRIP = NO;
				DEBUG_INFORMATION_FORMAT = "dwarf-with-dsym";
				ENABLE_NS_ASSERTIONS = NO;
				ENABLE_STRICT_OBJC_MSGSEND = YES;
				GCC_C_LANGUAGE_STANDARD = gnu11;
				GCC_NO_COMMON_BLOCKS = YES;
				GCC_WARN_64_TO_32_BIT_CONVERSION = YES;
				GCC_WARN_ABOUT_RETURN_TYPE = YES_ERROR;
				GCC_WARN_UNDECLARED_SELECTOR = YES;
				GCC_WARN_UNINITIALIZED_AUTOS = YES_AGGRESSIVE;
				GCC_WARN_UNUSED_FUNCTION = YES;
				GCC_WARN_UNUSED_VARIABLE = YES;
				IPHONEOS_DEPLOYMENT_TARGET = 12.1;
				MTL_ENABLE_DEBUG_INFO = NO;
				MTL_FAST_MATH = YES;
				SDKROOT = iphoneos;
				SWIFT_COMPILATION_MODE = wholemodule;
				SWIFT_OPTIMIZATION_LEVEL = "-O";
				VALIDATE_PRODUCT = YES;
			};
			name = Release;
		};
		25B8685D218DF8C000549ADA /* Debug */ = {
			isa = XCBuildConfiguration;
			buildSettings = {
				ASSETCATALOG_COMPILER_APPICON_NAME = AppIcon;
				CODE_SIGN_STYLE = Automatic;
				INFOPLIST_FILE = PitchPerfect/Info.plist;
				LD_RUNPATH_SEARCH_PATHS = (
					"$(inherited)",
					"@executable_path/Frameworks",
				);
				PRODUCT_BUNDLE_IDENTIFIER = RanaOrg.PitchPerfect;
				PRODUCT_NAME = "$(TARGET_NAME)";
				SWIFT_VERSION = 4.2;
				TARGETED_DEVICE_FAMILY = "1,2";
			};
			name = Debug;
		};
		25B8685E218DF8C000549ADA /* Release */ = {
			isa = XCBuildConfiguration;
			buildSettings = {
				ASSETCATALOG_COMPILER_APPICON_NAME = AppIcon;
				CODE_SIGN_STYLE = Automatic;
				INFOPLIST_FILE = PitchPerfect/Info.plist;
				LD_RUNPATH_SEARCH_PATHS = (
					"$(inherited)",
					"@executable_path/Frameworks",
				);
				PRODUCT_BUNDLE_IDENTIFIER = RanaOrg.PitchPerfect;
				PRODUCT_NAME = "$(TARGET_NAME)";
				SWIFT_VERSION = 4.2;
				TARGETED_DEVICE_FAMILY = "1,2";
			};
			name = Release;
		};
		25B86860218DF8C000549ADA /* Debug */ = {
			isa = XCBuildConfiguration;
			buildSettings = {
				ALWAYS_EMBED_SWIFT_STANDARD_LIBRARIES = YES;
				BUNDLE_LOADER = "$(TEST_HOST)";
				CODE_SIGN_STYLE = Automatic;
				INFOPLIST_FILE = PitchPerfectTests/Info.plist;
				LD_RUNPATH_SEARCH_PATHS = (
					"$(inherited)",
					"@executable_path/Frameworks",
					"@loader_path/Frameworks",
				);
				PRODUCT_BUNDLE_IDENTIFIER = RanaOrg.PitchPerfectTests;
				PRODUCT_NAME = "$(TARGET_NAME)";
				SWIFT_VERSION = 4.2;
				TARGETED_DEVICE_FAMILY = "1,2";
				TEST_HOST = "$(BUILT_PRODUCTS_DIR)/PitchPerfect.app/PitchPerfect";
			};
			name = Debug;
		};
		25B86861218DF8C000549ADA /* Release */ = {
			isa = XCBuildConfiguration;
			buildSettings = {
				ALWAYS_EMBED_SWIFT_STANDARD_LIBRARIES = YES;
				BUNDLE_LOADER = "$(TEST_HOST)";
				CODE_SIGN_STYLE = Automatic;
				INFOPLIST_FILE = PitchPerfectTests/Info.plist;
				LD_RUNPATH_SEARCH_PATHS = (
					"$(inherited)",
					"@executable_path/Frameworks",
					"@loader_path/Frameworks",
				);
				PRODUCT_BUNDLE_IDENTIFIER = RanaOrg.PitchPerfectTests;
				PRODUCT_NAME = "$(TARGET_NAME)";
				SWIFT_VERSION = 4.2;
				TARGETED_DEVICE_FAMILY = "1,2";
				TEST_HOST = "$(BUILT_PRODUCTS_DIR)/PitchPerfect.app/PitchPerfect";
			};
			name = Release;
		};
		25B86863218DF8C000549ADA /* Debug */ = {
			isa = XCBuildConfiguration;
			buildSettings = {
				ALWAYS_EMBED_SWIFT_STANDARD_LIBRARIES = YES;
				CODE_SIGN_STYLE = Automatic;
				INFOPLIST_FILE = PitchPerfectUITests/Info.plist;
				LD_RUNPATH_SEARCH_PATHS = (
					"$(inherited)",
					"@executable_path/Frameworks",
					"@loader_path/Frameworks",
				);
				PRODUCT_BUNDLE_IDENTIFIER = RanaOrg.PitchPerfectUITests;
				PRODUCT_NAME = "$(TARGET_NAME)";
				SWIFT_VERSION = 4.2;
				TARGETED_DEVICE_FAMILY = "1,2";
				TEST_TARGET_NAME = PitchPerfect;
			};
			name = Debug;
		};
		25B86864218DF8C000549ADA /* Release */ = {
			isa = XCBuildConfiguration;
			buildSettings = {
				ALWAYS_EMBED_SWIFT_STANDARD_LIBRARIES = YES;
				CODE_SIGN_STYLE = Automatic;
				INFOPLIST_FILE = PitchPerfectUITests/Info.plist;
				LD_RUNPATH_SEARCH_PATHS = (
					"$(inherited)",
					"@executable_path/Frameworks",
					"@loader_path/Frameworks",
				);
				PRODUCT_BUNDLE_IDENTIFIER = RanaOrg.PitchPerfectUITests;
				PRODUCT_NAME = "$(TARGET_NAME)";
				SWIFT_VERSION = 4.2;
				TARGETED_DEVICE_FAMILY = "1,2";
				TEST_TARGET_NAME = PitchPerfect;
			};
			name = Release;
		};
/* End XCBuildConfiguration section */

/* Begin XCConfigurationList section */
		25B8682C218DF8BD00549ADA /* Build configuration list for PBXProject "PitchPerfect" */ = {
			isa = XCConfigurationList;
			buildConfigurations = (
				25B8685A218DF8C000549ADA /* Debug */,
				25B8685B218DF8C000549ADA /* Release */,
			);
			defaultConfigurationIsVisible = 0;
			defaultConfigurationName = Release;
		};
		25B8685C218DF8C000549ADA /* Build configuration list for PBXNativeTarget "PitchPerfect" */ = {
			isa = XCConfigurationList;
			buildConfigurations = (
				25B8685D218DF8C000549ADA /* Debug */,
				25B8685E218DF8C000549ADA /* Release */,
			);
			defaultConfigurationIsVisible = 0;
			defaultConfigurationName = Release;
		};
		25B8685F218DF8C000549ADA /* Build configuration list for PBXNativeTarget "PitchPerfectTests" */ = {
			isa = XCConfigurationList;
			buildConfigurations = (
				25B86860218DF8C000549ADA /* Debug */,
				25B86861218DF8C000549ADA /* Release */,
			);
			defaultConfigurationIsVisible = 0;
			defaultConfigurationName = Release;
		};
		25B86862218DF8C000549ADA /* Build configuration list for PBXNativeTarget "PitchPerfectUITests" */ = {
			isa = XCConfigurationList;
			buildConfigurations = (
				25B86863218DF8C000549ADA /* Debug */,
				25B86864218DF8C000549ADA /* Release */,
			);
			defaultConfigurationIsVisible = 0;
			defaultConfigurationName = Release;
		};
/* End XCConfigurationList section */

/* Begin XCVersionGroup section */
		25B8683B218DF8BE00549ADA /* PitchPerfect.xcdatamodeld */ = {
			isa = XCVersionGroup;
			children = (
				25B8683C218DF8BE00549ADA /* PitchPerfect.xcdatamodel */,
			);
			currentVersion = 25B8683C218DF8BE00549ADA /* PitchPerfect.xcdatamodel */;
			path = PitchPerfect.xcdatamodeld;
			sourceTree = "<group>";
			versionGroupType = wrapper.xcdatamodel;
		};
/* End XCVersionGroup section */
	};
	rootObject = 25B86829218DF8BD00549ADA /* Project object */;
}
